// !$*UTF8*$!
{
	archiveVersion = 1;
	classes = {
	};
	objectVersion = 50;
	objects = {

/* Begin PBXBuildFile section */
		19C6EB3524977070000FB918 /* AppDelegate.swift in Sources */ = {isa = PBXBuildFile; fileRef = 19C6EB3424977070000FB918 /* AppDelegate.swift */; };
		19C6EB3724977070000FB918 /* SceneDelegate.swift in Sources */ = {isa = PBXBuildFile; fileRef = 19C6EB3624977070000FB918 /* SceneDelegate.swift */; };
		19C6EB3924977070000FB918 /* ViewController.swift in Sources */ = {isa = PBXBuildFile; fileRef = 19C6EB3824977070000FB918 /* ViewController.swift */; };
		19C6EB3C24977070000FB918 /* Main.storyboard in Resources */ = {isa = PBXBuildFile; fileRef = 19C6EB3A24977070000FB918 /* Main.storyboard */; };
		19C6EB3E24977072000FB918 /* Assets.xcassets in Resources */ = {isa = PBXBuildFile; fileRef = 19C6EB3D24977072000FB918 /* Assets.xcassets */; };
		19C6EB4124977072000FB918 /* LaunchScreen.storyboard in Resources */ = {isa = PBXBuildFile; fileRef = 19C6EB3F24977072000FB918 /* LaunchScreen.storyboard */; };
		19C6EB492497712E000FB918 /* Model.swift in Sources */ = {isa = PBXBuildFile; fileRef = 19C6EB482497712E000FB918 /* Model.swift */; };
		19C6EB4B249776DE000FB918 /* ModelView.swift in Sources */ = {isa = PBXBuildFile; fileRef = 19C6EB4A249776DE000FB918 /* ModelView.swift */; };
/* End PBXBuildFile section */

/* Begin PBXFileReference section */
		19C6EB3124977070000FB918 /* UnicornPersonalityTest.app */ = {isa = PBXFileReference; explicitFileType = wrapper.application; includeInIndex = 0; path = UnicornPersonalityTest.app; sourceTree = BUILT_PRODUCTS_DIR; };
		19C6EB3424977070000FB918 /* AppDelegate.swift */ = {isa = PBXFileReference; lastKnownFileType = sourcecode.swift; path = AppDelegate.swift; sourceTree = "<group>"; };
		19C6EB3624977070000FB918 /* SceneDelegate.swift */ = {isa = PBXFileReference; lastKnownFileType = sourcecode.swift; path = SceneDelegate.swift; sourceTree = "<group>"; };
		19C6EB3824977070000FB918 /* ViewController.swift */ = {isa = PBXFileReference; lastKnownFileType = sourcecode.swift; path = ViewController.swift; sourceTree = "<group>"; };
		19C6EB3B24977070000FB918 /* Base */ = {isa = PBXFileReference; lastKnownFileType = file.storyboard; name = Base; path = Base.lproj/Main.storyboard; sourceTree = "<group>"; };
		19C6EB3D24977072000FB918 /* Assets.xcassets */ = {isa = PBXFileReference; lastKnownFileType = folder.assetcatalog; path = Assets.xcassets; sourceTree = "<group>"; };
		19C6EB4024977072000FB918 /* Base */ = {isa = PBXFileReference; lastKnownFileType = file.storyboard; name = Base; path = Base.lproj/LaunchScreen.storyboard; sourceTree = "<group>"; };
		19C6EB4224977072000FB918 /* Info.plist */ = {isa = PBXFileReference; lastKnownFileType = text.plist.xml; path = Info.plist; sourceTree = "<group>"; };
		19C6EB482497712E000FB918 /* Model.swift */ = {isa = PBXFileReference; lastKnownFileType = sourcecode.swift; path = Model.swift; sourceTree = "<group>"; };
		19C6EB4A249776DE000FB918 /* ModelView.swift */ = {isa = PBXFileReference; lastKnownFileType = sourcecode.swift; path = ModelView.swift; sourceTree = "<group>"; };
/* End PBXFileReference section */

/* Begin PBXFrameworksBuildPhase section */
		19C6EB2E24977070000FB918 /* Frameworks */ = {
			isa = PBXFrameworksBuildPhase;
			buildActionMask = 2147483647;
			files = (
			);
			runOnlyForDeploymentPostprocessing = 0;
		};
/* End PBXFrameworksBuildPhase section */

/* Begin PBXGroup section */
		19C6EB2824977070000FB918 = {
			isa = PBXGroup;
			children = (
				19C6EB3324977070000FB918 /* UnicornPersonalityTest */,
				19C6EB3224977070000FB918 /* Products */,
			);
			sourceTree = "<group>";
		};
		19C6EB3224977070000FB918 /* Products */ = {
			isa = PBXGroup;
			children = (
				19C6EB3124977070000FB918 /* UnicornPersonalityTest.app */,
			);
			name = Products;
			sourceTree = "<group>";
		};
		19C6EB3324977070000FB918 /* UnicornPersonalityTest */ = {
			isa = PBXGroup;
			children = (
				19C6EB3424977070000FB918 /* AppDelegate.swift */,
				19C6EB3624977070000FB918 /* SceneDelegate.swift */,
				19C6EB3824977070000FB918 /* ViewController.swift */,
				19C6EB4A249776DE000FB918 /* ModelView.swift */,
				19C6EB3A24977070000FB918 /* Main.storyboard */,
				19C6EB3D24977072000FB918 /* Assets.xcassets */,
				19C6EB3F24977072000FB918 /* LaunchScreen.storyboard */,
				19C6EB4224977072000FB918 /* Info.plist */,
				19C6EB482497712E000FB918 /* Model.swift */,
			);
			path = UnicornPersonalityTest;
			sourceTree = "<group>";
		};
/* End PBXGroup section */

/* Begin PBXNativeTarget section */
		19C6EB3024977070000FB918 /* UnicornPersonalityTest */ = {
			isa = PBXNativeTarget;
			buildConfigurationList = 19C6EB4524977072000FB918 /* Build configuration list for PBXNativeTarget "UnicornPersonalityTest" */;
			buildPhases = (
				19C6EB2D24977070000FB918 /* Sources */,
				19C6EB2E24977070000FB918 /* Frameworks */,
				19C6EB2F24977070000FB918 /* Resources */,
			);
			buildRules = (
			);
			dependencies = (
			);
			name = UnicornPersonalityTest;
			productName = UnicornPersonalityTest;
			productReference = 19C6EB3124977070000FB918 /* UnicornPersonalityTest.app */;
			productType = "com.apple.product-type.application";
		};
/* End PBXNativeTarget section */

/* Begin PBXProject section */
		19C6EB2924977070000FB918 /* Project object */ = {
			isa = PBXProject;
			attributes = {
				LastSwiftUpdateCheck = 1150;
				LastUpgradeCheck = 1150;
				ORGANIZATIONNAME = TSS;
				TargetAttributes = {
					19C6EB3024977070000FB918 = {
						CreatedOnToolsVersion = 11.5;
					};
				};
			};
			buildConfigurationList = 19C6EB2C24977070000FB918 /* Build configuration list for PBXProject "UnicornPersonalityTest" */;
			compatibilityVersion = "Xcode 9.3";
			developmentRegion = en;
			hasScannedForEncodings = 0;
			knownRegions = (
				en,
				Base,
			);
			mainGroup = 19C6EB2824977070000FB918;
			productRefGroup = 19C6EB3224977070000FB918 /* Products */;
			projectDirPath = "";
			projectRoot = "";
			targets = (
				19C6EB3024977070000FB918 /* UnicornPersonalityTest */,
			);
		};
/* End PBXProject section */

/* Begin PBXResourcesBuildPhase section */
		19C6EB2F24977070000FB918 /* Resources */ = {
			isa = PBXResourcesBuildPhase;
			buildActionMask = 2147483647;
			files = (
				19C6EB4124977072000FB918 /* LaunchScreen.storyboard in Resources */,
				19C6EB3E24977072000FB918 /* Assets.xcassets in Resources */,
				19C6EB3C24977070000FB918 /* Main.storyboard in Resources */,
			);
			runOnlyForDeploymentPostprocessing = 0;
		};
/* End PBXResourcesBuildPhase section */

/* Begin PBXSourcesBuildPhase section */
		19C6EB2D24977070000FB918 /* Sources */ = {
			isa = PBXSourcesBuildPhase;
			buildActionMask = 2147483647;
			files = (
				19C6EB3924977070000FB918 /* ViewController.swift in Sources */,
				19C6EB3524977070000FB918 /* AppDelegate.swift in Sources */,
				19C6EB3724977070000FB918 /* SceneDelegate.swift in Sources */,
				19C6EB492497712E000FB918 /* Model.swift in Sources */,
				19C6EB4B249776DE000FB918 /* ModelView.swift in Sources */,
			);
			runOnlyForDeploymentPostprocessing = 0;
		};
/* End PBXSourcesBuildPhase section */

/* Begin PBXVariantGroup section */
		19C6EB3A24977070000FB918 /* Main.storyboard */ = {
			isa = PBXVariantGroup;
			children = (
				19C6EB3B24977070000FB918 /* Base */,
			);
			name = Main.storyboard;
			sourceTree = "<group>";
		};
		19C6EB3F24977072000FB918 /* LaunchScreen.storyboard */ = {
			isa = PBXVariantGroup;
			children = (
				19C6EB4024977072000FB918 /* Base */,
			);
			name = LaunchScreen.storyboard;
			sourceTree = "<group>";
		};
/* End PBXVariantGroup section */

/* Begin XCBuildConfiguration section */
		19C6EB4324977072000FB918 /* Debug */ = {
			isa = XCBuildConfiguration;
			buildSettings = {
				ALWAYS_SEARCH_USER_PATHS = NO;
				CLANG_ANALYZER_NONNULL = YES;
				CLANG_ANALYZER_NUMBER_OBJECT_CONVERSION = YES_AGGRESSIVE;
				CLANG_CXX_LANGUAGE_STANDARD = "gnu++14";
				CLANG_CXX_LIBRARY = "libc++";
				CLANG_ENABLE_MODULES = YES;
				CLANG_ENABLE_OBJC_ARC = YES;
				CLANG_ENABLE_OBJC_WEAK = YES;
				CLANG_WARN_BLOCK_CAPTURE_AUTORELEASING = YES;
				CLANG_WARN_BOOL_CONVERSION = YES;
				CLANG_WARN_COMMA = YES;
				CLANG_WARN_CONSTANT_CONVERSION = YES;
				CLANG_WARN_DEPRECATED_OBJC_IMPLEMENTATIONS = YES;
				CLANG_WARN_DIRECT_OBJC_ISA_USAGE = YES_ERROR;
				CLANG_WARN_DOCUMENTATION_COMMENTS = YES;
				CLANG_WARN_EMPTY_BODY = YES;
				CLANG_WARN_ENUM_CONVERSION = YES;
				CLANG_WARN_INFINITE_RECURSION = YES;
				CLANG_WARN_INT_CONVERSION = YES;
				CLANG_WARN_NON_LITERAL_NULL_CONVERSION = YES;
				CLANG_WARN_OBJC_IMPLICIT_RETAIN_SELF = YES;
				CLANG_WARN_OBJC_LITERAL_CONVERSION = YES;
				CLANG_WARN_OBJC_ROOT_CLASS = YES_ERROR;
				CLANG_WARN_RANGE_LOOP_ANALYSIS = YES;
				CLANG_WARN_STRICT_PROTOTYPES = YES;
				CLANG_WARN_SUSPICIOUS_MOVE = YES;
				CLANG_WARN_UNGUARDED_AVAILABILITY = YES_AGGRESSIVE;
				CLANG_WARN_UNREACHABLE_CODE = YES;
				CLANG_WARN__DUPLICATE_METHOD_MATCH = YES;
				COPY_PHASE_STRIP = NO;
				DEBUG_INFORMATION_FORMAT = dwarf;
				ENABLE_STRICT_OBJC_MSGSEND = YES;
				ENABLE_TESTABILITY = YES;
				GCC_C_LANGUAGE_STANDARD = gnu11;
				GCC_DYNAMIC_NO_PIC = NO;
				GCC_NO_COMMON_BLOCKS = YES;
				GCC_OPTIMIZATION_LEVEL = 0;
				GCC_PREPROCESSOR_DEFINITIONS = (
					"DEBUG=1",
					"$(inherited)",
				);
				GCC_WARN_64_TO_32_BIT_CONVERSION = YES;
				GCC_WARN_ABOUT_RETURN_TYPE = YES_ERROR;
				GCC_WARN_UNDECLARED_SELECTOR = YES;
				GCC_WARN_UNINITIALIZED_AUTOS = YES_AGGRESSIVE;
				GCC_WARN_UNUSED_FUNCTION = YES;
				GCC_WARN_UNUSED_VARIABLE = YES;
				IPHONEOS_DEPLOYMENT_TARGET = 13.5;
				MTL_ENABLE_DEBUG_INFO = INCLUDE_SOURCE;
				MTL_FAST_MATH = YES;
				ONLY_ACTIVE_ARCH = YES;
				SDKROOT = iphoneos;
				SWIFT_ACTIVE_COMPILATION_CONDITIONS = DEBUG;
				SWIFT_OPTIMIZATION_LEVEL = "-Onone";
			};
			name = Debug;
		};
		19C6EB4424977072000FB918 /* Release */ = {
			isa = XCBuildConfiguration;
			buildSettings = {
				ALWAYS_SEARCH_USER_PATHS = NO;
				CLANG_ANALYZER_NONNULL = YES;
				CLANG_ANALYZER_NUMBER_OBJECT_CONVERSION = YES_AGGRESSIVE;
				CLANG_CXX_LANGUAGE_STANDARD = "gnu++14";
				CLANG_CXX_LIBRARY = "libc++";
				CLANG_ENABLE_MODULES = YES;
				CLANG_ENABLE_OBJC_ARC = YES;
				CLANG_ENABLE_OBJC_WEAK = YES;
				CLANG_WARN_BLOCK_CAPTURE_AUTORELEASING = YES;
				CLANG_WARN_BOOL_CONVERSION = YES;
				CLANG_WARN_COMMA = YES;
				CLANG_WARN_CONSTANT_CONVERSION = YES;
				CLANG_WARN_DEPRECATED_OBJC_IMPLEMENTATIONS = YES;
				CLANG_WARN_DIRECT_OBJC_ISA_USAGE = YES_ERROR;
				CLANG_WARN_DOCUMENTATION_COMMENTS = YES;
				CLANG_WARN_EMPTY_BODY = YES;
				CLANG_WARN_ENUM_CONVERSION = YES;
				CLANG_WARN_INFINITE_RECURSION = YES;
				CLANG_WARN_INT_CONVERSION = YES;
				CLANG_WARN_NON_LITERAL_NULL_CONVERSION = YES;
				CLANG_WARN_OBJC_IMPLICIT_RETAIN_SELF = YES;
				CLANG_WARN_OBJC_LITERAL_CONVERSION = YES;
				CLANG_WARN_OBJC_ROOT_CLASS = YES_ERROR;
				CLANG_WARN_RANGE_LOOP_ANALYSIS = YES;
				CLANG_WARN_STRICT_PROTOTYPES = YES;
				CLANG_WARN_SUSPICIOUS_MOVE = YES;
				CLANG_WARN_UNGUARDED_AVAILABILITY = YES_AGGRESSIVE;
				CLANG_WARN_UNREACHABLE_CODE = YES;
				CLANG_WARN__DUPLICATE_METHOD_MATCH = YES;
				COPY_PHASE_STRIP = NO;
				DEBUG_INFORMATION_FORMAT = "dwarf-with-dsym";
				ENABLE_NS_ASSERTIONS = NO;
				ENABLE_STRICT_OBJC_MSGSEND = YES;
				GCC_C_LANGUAGE_STANDARD = gnu11;
				GCC_NO_COMMON_BLOCKS = YES;
				GCC_WARN_64_TO_32_BIT_CONVERSION = YES;
				GCC_WARN_ABOUT_RETURN_TYPE = YES_ERROR;
				GCC_WARN_UNDECLARED_SELECTOR = YES;
				GCC_WARN_UNINITIALIZED_AUTOS = YES_AGGRESSIVE;
				GCC_WARN_UNUSED_FUNCTION = YES;
				GCC_WARN_UNUSED_VARIABLE = YES;
				IPHONEOS_DEPLOYMENT_TARGET = 13.5;
				MTL_ENABLE_DEBUG_INFO = NO;
				MTL_FAST_MATH = YES;
				SDKROOT = iphoneos;
				SWIFT_COMPILATION_MODE = wholemodule;
				SWIFT_OPTIMIZATION_LEVEL = "-O";
				VALIDATE_PRODUCT = YES;
			};
			name = Release;
		};
		19C6EB4624977072000FB918 /* Debug */ = {
			isa = XCBuildConfiguration;
			buildSettings = {
				ASSETCATALOG_COMPILER_APPICON_NAME = AppIcon;
				CODE_SIGN_STYLE = Automatic;
				DEVELOPMENT_TEAM = HSHNG422B2;
				INFOPLIST_FILE = UnicornPersonalityTest/Info.plist;
				LD_RUNPATH_SEARCH_PATHS = (
					"$(inherited)",
					"@executable_path/Frameworks",
				);
				PRODUCT_BUNDLE_IDENTIFIER = im.sandor.UnicornPersonalityTest;
				PRODUCT_NAME = "$(TARGET_NAME)";
				SWIFT_VERSION = 5.0;
				TARGETED_DEVICE_FAMILY = "1,2";
			};
			name = Debug;
		};
		19C6EB4724977072000FB918 /* Release */ = {
			isa = XCBuildConfiguration;
			buildSettings = {
				ASSETCATALOG_COMPILER_APPICON_NAME = AppIcon;
				CODE_SIGN_STYLE = Automatic;
				DEVELOPMENT_TEAM = HSHNG422B2;
				INFOPLIST_FILE = UnicornPersonalityTest/Info.plist;
				LD_RUNPATH_SEARCH_PATHS = (
					"$(inherited)",
					"@executable_path/Frameworks",
				);
				PRODUCT_BUNDLE_IDENTIFIER = im.sandor.UnicornPersonalityTest;
				PRODUCT_NAME = "$(TARGET_NAME)";
				SWIFT_VERSION = 5.0;
				TARGETED_DEVICE_FAMILY = "1,2";
			};
			name = Release;
		};
/* End XCBuildConfiguration section */

/* Begin XCConfigurationList section */
		19C6EB2C24977070000FB918 /* Build configuration list for PBXProject "UnicornPersonalityTest" */ = {
			isa = XCConfigurationList;
			buildConfigurations = (
				19C6EB4324977072000FB918 /* Debug */,
				19C6EB4424977072000FB918 /* Release */,
			);
			defaultConfigurationIsVisible = 0;
			defaultConfigurationName = Release;
		};
		19C6EB4524977072000FB918 /* Build configuration list for PBXNativeTarget "UnicornPersonalityTest" */ = {
			isa = XCConfigurationList;
			buildConfigurations = (
				19C6EB4624977072000FB918 /* Debug */,
				19C6EB4724977072000FB918 /* Release */,
			);
			defaultConfigurationIsVisible = 0;
			defaultConfigurationName = Release;
		};
/* End XCConfigurationList section */
	};
	rootObject = 19C6EB2924977070000FB918 /* Project object */;
}
